<?xml version="1.0" encoding="utf-8"?>
<Project ToolsVersion="4.0" xmlns="http://schemas.microsoft.com/developer/msbuild/2003">
  <ItemGroup>
    <Filter Include="core">
      <UniqueIdentifier>{4652003c-fbf6-4e9b-9a66-2b2dace4e44f}</UniqueIdentifier>
    </Filter>
    <Filter Include="asmmath">
      <UniqueIdentifier>{082dff15-595c-460e-b04e-511bb59469ab}</UniqueIdentifier>
    </Filter>
    <Filter Include="content">
      <UniqueIdentifier>{0bd5bac9-19ca-46bc-9d46-63f7e8d657e7}</UniqueIdentifier>
    </Filter>
    <Filter Include="synths">
      <UniqueIdentifier>{6271fd58-9f4c-4f54-8bed-603c12e5a9c0}</UniqueIdentifier>
    </Filter>
    <Filter Include="synths\64klang2">
      <UniqueIdentifier>{60015283-9425-4693-bc58-559fbe2c480c}</UniqueIdentifier>
    </Filter>
    <Filter Include="synths\64klang2_eidolon">
      <UniqueIdentifier>{78162a09-8d4f-424c-98be-b06dcf1307d5}</UniqueIdentifier>
    </Filter>
    <Filter Include="synths\wavesabre">
      <UniqueIdentifier>{43587a1c-53aa-4252-83cb-a729131cabde}</UniqueIdentifier>
    </Filter>
    <Filter Include="synths\bass">
      <UniqueIdentifier>{a30c4665-26ed-4b39-bce7-91eea5ba40be}</UniqueIdentifier>
    </Filter>
  </ItemGroup>
  <ItemGroup>
    <None Include="core\wglext.inl">
      <Filter>core</Filter>
    </None>
    <None Include="content\config.h">
      <Filter>content</Filter>
    </None>
  </ItemGroup>
  <ItemGroup>
    <ClCompile Include="core\main.cpp">
      <Filter>core</Filter>
    </ClCompile>
    <ClCompile Include="synths\64klang2_eidolon\sample_t.cpp">
      <Filter>synths\64klang2_eidolon</Filter>
    </ClCompile>
    <ClCompile Include="synths\64klang2_eidolon\Synth.cpp">
      <Filter>synths\64klang2_eidolon</Filter>
    </ClCompile>
    <ClCompile Include="synths\64klang2_eidolon\SynthAllocator.cpp">
      <Filter>synths\64klang2_eidolon</Filter>
    </ClCompile>
    <ClCompile Include="synths\64klang2_eidolon\SynthNode.cpp">
      <Filter>synths\64klang2_eidolon</Filter>
    </ClCompile>
    <ClCompile Include="synths\64klang2_eidolon\SynthPlayer.cpp">
      <Filter>synths\64klang2_eidolon</Filter>
    </ClCompile>
    <ClCompile Include="synths\64klang2_obj0.cpp">
      <Filter>synths\64klang2</Filter>
    </ClCompile>
    <ClCompile Include="synths\wavesabre_obj0.cpp">
      <Filter>synths\wavesabre</Filter>
    </ClCompile>
  </ItemGroup>
  <ItemGroup>
    <ClInclude Include="content\animationprocessor_eidolon.inl">
      <Filter>content</Filter>
    </ClInclude>
    <ClInclude Include="content\animationprocessor.inl">
      <Filter>content</Filter>
    </ClInclude>
    <ClInclude Include="synths\noaudio.hpp">
      <Filter>synths</Filter>
    </ClInclude>
    <ClInclude Include="synths\64klang2.hpp">
      <Filter>synths</Filter>
    </ClInclude>
    <ClInclude Include="core\wglext.h">
      <Filter>synths</Filter>
    </ClInclude>
    <ClInclude Include="synths\wavesabre.hpp">
      <Filter>synths</Filter>
    </ClInclude>
    <ClInclude Include="synths\bass\bass.h">
      <Filter>synths\bass</Filter>
    </ClInclude>
    <ClInclude Include="synths\bass.hpp">
      <Filter>synths</Filter>
    </ClInclude>
  </ItemGroup>
  <ItemGroup>
    <MASM Include="asmmath\atan2f.asm">
      <Filter>asmmath</Filter>
    </MASM>
    <MASM Include="asmmath\sinf.asm">
      <Filter>asmmath</Filter>
    </MASM>
    <MASM Include="asmmath\sqrtf.asm">
      <Filter>asmmath</Filter>
    </MASM>
    <MASM Include="asmmath\acosf.asm">
      <Filter>asmmath</Filter>
    </MASM>
    <MASM Include="asmmath\acosf_x64.asm">
      <Filter>asmmath</Filter>
    </MASM>
    <MASM Include="asmmath\atan2f_x64.asm">
      <Filter>asmmath</Filter>
    </MASM>
    <MASM Include="asmmath\sinf_x64.asm">
      <Filter>asmmath</Filter>
    </MASM>
    <MASM Include="asmmath\sqrtf_x64.asm">
      <Filter>asmmath</Filter>
    </MASM>
  </ItemGroup>
</Project>