<?xml version="1.0" encoding="utf-8"?>
<Project ToolsVersion="4.0" xmlns="http://schemas.microsoft.com/developer/msbuild/2003">
  <ItemGroup>
    <Filter Include="core">
      <UniqueIdentifier>{4652003c-fbf6-4e9b-9a66-2b2dace4e44f}</UniqueIdentifier>
    </Filter>
    <Filter Include="asmmath">
      <UniqueIdentifier>{082dff15-595c-460e-b04e-511bb59469ab}</UniqueIdentifier>
    </Filter>
    <Filter Include="content">
      <UniqueIdentifier>{0bd5bac9-19ca-46bc-9d46-63f7e8d657e7}</UniqueIdentifier>
    </Filter>
    <Filter Include="extensions">
      <UniqueIdentifier>{9a9c368c-9e18-4923-b58c-7f1dcb52ad0f}</UniqueIdentifier>
    </Filter>
  </ItemGroup>
  <ItemGroup>
    <None Include="core\wglext.inl">
      <Filter>core</Filter>
    </None>
    <None Include="content\config.h">
      <Filter>content</Filter>
    </None>
  </ItemGroup>
  <ItemGroup>
    <ClCompile Include="core\main.cpp">
      <Filter>core</Filter>
    </ClCompile>
  </ItemGroup>
  <ItemGroup>
    <ClInclude Include="content\animationprocessor_eidolon.inl">
      <Filter>content</Filter>
    </ClInclude>
    <ClInclude Include="content\animationprocessor.inl">
      <Filter>content</Filter>
    </ClInclude>
    <ClInclude Include="core\wglext.h">
      <Filter>core</Filter>
    </ClInclude>
    <ClInclude Include="extensions\Dialog.h">
      <Filter>extensions</Filter>
    </ClInclude>
    <ClInclude Include="extensions\stb_image.h">
      <Filter>extensions</Filter>
    </ClInclude>
    <ClInclude Include="extensions\stb_image_write.h">
      <Filter>extensions</Filter>
    </ClInclude>
  </ItemGroup>
  <ItemGroup>
    <MASM Include="asmmath\atan2f.asm">
      <Filter>asmmath</Filter>
    </MASM>
    <MASM Include="asmmath\acosf.asm">
      <Filter>asmmath</Filter>
    </MASM>
    <MASM Include="asmmath\sinf.asm">
      <Filter>asmmath</Filter>
    </MASM>
    <MASM Include="asmmath\sqrtf.asm">
      <Filter>asmmath</Filter>
    </MASM>
  </ItemGroup>
  <ItemGroup>
    <ResourceCompile Include="extensions\Dialog.rc">
      <Filter>extensions</Filter>
    </ResourceCompile>
  </ItemGroup>
</Project>